
Microsoft Visual Studio Solution File, Format Version 11.00
# Visual Studio 2010
Project("{FAE04EC0-301F-11D3-BF4B-00C04F79EFBC}") = "Utilits", "Utilits\Utilits.csproj", "{06D934D6-B3F4-48F4-A53B-CEF0974EA2AF}"
EndProject
Project("{2150E333-8FDC-42A3-9474-1A3956D46DE8}") = "Solution Items", "Solution Items", "{723E8F3B-379E-4483-89CE-200DDDA0E926}"
	ProjectSection(SolutionItems) = preProject
		Local.testsettings = Local.testsettings
		MineSweeper.vsmdi = MineSweeper.vsmdi
		TraceAndTestImpact.testsettings = TraceAndTestImpact.testsettings
	EndProjectSection
EndProject
Project("{FAE04EC0-301F-11D3-BF4B-00C04F79EFBC}") = "MineSweeper", "MineSweeper\MineSweeper.csproj", "{B75C2E02-39FF-4CD5-968A-6A9AC18849DE}"
EndProject
Project("{FAE04EC0-301F-11D3-BF4B-00C04F79EFBC}") = "MineSweeperTest", "MineSweeperTest\MineSweeperTest.csproj", "{880D3D9A-21EE-46A2-B3A7-F1A3961DA84E}"
EndProject
Global
	GlobalSection(TestCaseManagementSettings) = postSolution
		CategoryFile = MineSweeper.vsmdi
	EndGlobalSection
	GlobalSection(SolutionConfigurationPlatforms) = preSolution
		Debug|Any CPU = Debug|Any CPU
		Debug|Mixed Platforms = Debug|Mixed Platforms
		Debug|x86 = Debug|x86
		Release|Any CPU = Release|Any CPU
		Release|Mixed Platforms = Release|Mixed Platforms
		Release|x86 = Release|x86
	EndGlobalSection
	GlobalSection(ProjectConfigurationPlatforms) = postSolution
		{06D934D6-B3F4-48F4-A53B-CEF0974EA2AF}.Debug|Any CPU.ActiveCfg = Debug|Any CPU
		{06D934D6-B3F4-48F4-A53B-CEF0974EA2AF}.Debug|Any CPU.Build.0 = Debug|Any CPU
		{06D934D6-B3F4-48F4-A53B-CEF0974EA2AF}.Debug|Mixed Platforms.ActiveCfg = Debug|Any CPU
		{06D934D6-B3F4-48F4-A53B-CEF0974EA2AF}.Debug|Mixed Platforms.Build.0 = Debug|Any CPU
		{06D934D6-B3F4-48F4-A53B-CEF0974EA2AF}.Debug|x86.ActiveCfg = Debug|Any CPU
		{06D934D6-B3F4-48F4-A53B-CEF0974EA2AF}.Release|Any CPU.ActiveCfg = Release|Any CPU
		{06D934D6-B3F4-48F4-A53B-CEF0974EA2AF}.Release|Any CPU.Build.0 = Release|Any CPU
		{06D934D6-B3F4-48F4-A53B-CEF0974EA2AF}.Release|Mixed Platforms.ActiveCfg = Release|Any CPU
		{06D934D6-B3F4-48F4-A53B-CEF0974EA2AF}.Release|Mixed Platforms.Build.0 = Release|Any CPU
		{06D934D6-B3F4-48F4-A53B-CEF0974EA2AF}.Release|x86.ActiveCfg = Release|Any CPU
		{B75C2E02-39FF-4CD5-968A-6A9AC18849DE}.Debug|Any CPU.ActiveCfg = Debug|x86
		{B75C2E02-39FF-4CD5-968A-6A9AC18849DE}.Debug|Mixed Platforms.ActiveCfg = Debug|x86
		{B75C2E02-39FF-4CD5-968A-6A9AC18849DE}.Debug|Mixed Platforms.Build.0 = Debug|x86
		{B75C2E02-39FF-4CD5-968A-6A9AC18849DE}.Debug|x86.ActiveCfg = Debug|x86
		{B75C2E02-39FF-4CD5-968A-6A9AC18849DE}.Debug|x86.Build.0 = Debug|x86
		{B75C2E02-39FF-4CD5-968A-6A9AC18849DE}.Release|Any CPU.ActiveCfg = Release|x86
		{B75C2E02-39FF-4CD5-968A-6A9AC18849DE}.Release|Mixed Platforms.ActiveCfg = Release|x86
		{B75C2E02-39FF-4CD5-968A-6A9AC18849DE}.Release|Mixed Platforms.Build.0 = Release|x86
		{B75C2E02-39FF-4CD5-968A-6A9AC18849DE}.Release|x86.ActiveCfg = Release|x86
		{B75C2E02-39FF-4CD5-968A-6A9AC18849DE}.Release|x86.Build.0 = Release|x86
		{880D3D9A-21EE-46A2-B3A7-F1A3961DA84E}.Debug|Any CPU.ActiveCfg = Debug|Any CPU
		{880D3D9A-21EE-46A2-B3A7-F1A3961DA84E}.Debug|Any CPU.Build.0 = Debug|Any CPU
		{880D3D9A-21EE-46A2-B3A7-F1A3961DA84E}.Debug|Mixed Platforms.ActiveCfg = Debug|Any CPU
		{880D3D9A-21EE-46A2-B3A7-F1A3961DA84E}.Debug|Mixed Platforms.Build.0 = Debug|Any CPU
		{880D3D9A-21EE-46A2-B3A7-F1A3961DA84E}.Debug|x86.ActiveCfg = Debug|Any CPU
		{880D3D9A-21EE-46A2-B3A7-F1A3961DA84E}.Release|Any CPU.ActiveCfg = Release|Any CPU
		{880D3D9A-21EE-46A2-B3A7-F1A3961DA84E}.Release|Any CPU.Build.0 = Release|Any CPU
		{880D3D9A-21EE-46A2-B3A7-F1A3961DA84E}.Release|Mixed Platforms.ActiveCfg = Release|Any CPU
		{880D3D9A-21EE-46A2-B3A7-F1A3961DA84E}.Release|Mixed Platforms.Build.0 = Release|Any CPU
		{880D3D9A-21EE-46A2-B3A7-F1A3961DA84E}.Release|x86.ActiveCfg = Release|Any CPU
	EndGlobalSection
	GlobalSection(SolutionProperties) = preSolution
		HideSolutionNode = FALSE
	EndGlobalSection
EndGlobal
